
Microsoft Visual Studio Solution File, Format Version 12.00
# Visual Studio 14
VisualStudioVersion = 14.0.23107.0
MinimumVisualStudioVersion = 10.0.40219.1
Project("{FAE04EC0-301F-11D3-BF4B-00C04F79EFBC}") = "LeadPipe.Net", "src\LeadPipe.Net\LeadPipe.Net.csproj", "{07EAABC8-D86D-4B6B-B153-77EE0E5526A5}"
EndProject
Project("{FAE04EC0-301F-11D3-BF4B-00C04F79EFBC}") = "LeadPipe.Net.Tests", "src\LeadPipe.Net.Tests\LeadPipe.Net.Tests.csproj", "{10FEB13F-2FDC-472F-BE87-EDEA8C4595EB}"
EndProject
Project("{2150E333-8FDC-42A3-9474-1A3956D46DE8}") = "common", "common", "{7A8F5386-E4C8-4F0F-9847-C78A7F0F93E8}"
	ProjectSection(SolutionItems) = preProject
		.travis.yml = .travis.yml
		CommonAssemblyInfo.cs = CommonAssemblyInfo.cs
		LICENSE = LICENSE
		README.md = README.md
	EndProjectSection
EndProject
Project("{FAE04EC0-301F-11D3-BF4B-00C04F79EFBC}") = "LeadPipe.Net.Domain", "src\LeadPipe.Net.Domain\LeadPipe.Net.Domain.csproj", "{FD1810FF-7864-43B0-B8CA-BD3AD5C2E683}"
EndProject
Project("{FAE04EC0-301F-11D3-BF4B-00C04F79EFBC}") = "LeadPipe.Net.Domain.Tests", "src\LeadPipe.Net.Domain.Tests\LeadPipe.Net.Domain.Tests.csproj", "{76344047-8D99-457E-AB52-D959377E2740}"
EndProject
Project("{FAE04EC0-301F-11D3-BF4B-00C04F79EFBC}") = "LeadPipe.Net.Data", "src\LeadPipe.Net.Data\LeadPipe.Net.Data.csproj", "{6AF62025-B963-4941-B6B5-B2455FD6E226}"
EndProject
Project("{FAE04EC0-301F-11D3-BF4B-00C04F79EFBC}") = "LeadPipe.Net.Data.NHibernate", "src\LeadPipe.Net.Data.NHibernate\LeadPipe.Net.Data.NHibernate.csproj", "{9D93457C-437B-4E3F-95D3-E3E488AB55E0}"
EndProject
Project("{FAE04EC0-301F-11D3-BF4B-00C04F79EFBC}") = "LeadPipe.Net.Data.NHibernate.Tests", "src\LeadPipe.Net.Data.NHibernate.Tests\LeadPipe.Net.Data.NHibernate.Tests.csproj", "{0969E1DA-0995-4C8B-B081-094D8591E971}"
EndProject
Project("{FAE04EC0-301F-11D3-BF4B-00C04F79EFBC}") = "LeadPipe.Net.Lucene", "src\LeadPipe.Net.Lucene\LeadPipe.Net.Lucene.csproj", "{1F0561F2-4D1E-4DCC-BD02-5C39CC06E6DA}"
EndProject
Project("{FAE04EC0-301F-11D3-BF4B-00C04F79EFBC}") = "LeadPipe.Net.Lucene.Tests", "src\LeadPipe.Net.Lucene.Tests\LeadPipe.Net.Lucene.Tests.csproj", "{2AC2DC2B-DDA1-42D7-9C1D-2BBCDE797004}"
EndProject
Project("{FAE04EC0-301F-11D3-BF4B-00C04F79EFBC}") = "LeadPipe.Net.Authorization", "src\LeadPipe.Net.Authorization\LeadPipe.Net.Authorization.csproj", "{1F0521F3-441E-1DCC-BDF2-000000000000}"
EndProject
Project("{FAE04EC0-301F-11D3-BF4B-00C04F79EFBC}") = "LeadPipe.Net.Validation", "src\LeadPipe.Net.Validation\LeadPipe.Net.Validation.csproj", "{A0FEAE9B-F1EA-43E3-BB14-ED131E2DF322}"
EndProject
Project("{FAE04EC0-301F-11D3-BF4B-00C04F79EFBC}") = "LeadPipe.Net.Authorization.Tests", "src\LeadPipe.Net.Authorization.Tests\LeadPipe.Net.Authorization.Tests.csproj", "{10FEB13F-2FDC-472F-BE87-ED0000000000}"
EndProject
Project("{FAE04EC0-301F-11D3-BF4B-00C04F79EFBC}") = "LeadPipe.Net.Validation.Tests", "src\LeadPipe.Net.Validation.Tests\LeadPipe.Net.Validation.Tests.csproj", "{FDE17273-5779-48C4-955B-9F06FC1EE0B6}"
EndProject
Project("{FAE04EC0-301F-11D3-BF4B-00C04F79EFBC}") = "LeadPipe.Net.Data.NHibernate.StructureMap", "src\LeadPipe.Net.Data.NHibernate.StructureMap\LeadPipe.Net.Data.NHibernate.StructureMap.csproj", "{9D93457C-437B-4E3F-95D3-E3E5789B55E0}"
EndProject
Project("{FAE04EC0-301F-11D3-BF4B-00C04F79EFBC}") = "LeadPipe.Net.Data.NHibernate.CastleWindsor", "src\LeadPipe.Net.Data.NHibernate.CastleWindsor\LeadPipe.Net.Data.NHibernate.CastleWindsor.csproj", "{9D93457C-437B-4E3F-95D3-E3E5756785E0}"
EndProject
Project("{FAE04EC0-301F-11D3-BF4B-00C04F79EFBC}") = "LeadPipe.Net.Data.NHibernate.Unity", "src\LeadPipe.Net.Data.NHibernate.Unity\LeadPipe.Net.Data.NHibernate.Unity.csproj", "{9D93457C-437B-4E3F-95D3-E30000000000}"
EndProject
Project("{FAE04EC0-301F-11D3-BF4B-00C04F79EFBC}") = "LeadPipe.Net.CommonObjects", "src\LeadPipe.Net.CommonObjects\LeadPipe.Net.CommonObjects.csproj", "{07EAABC8-D86D-4B6B-B123-77EFFF5526A5}"
EndProject
Project("{FAE04EC0-301F-11D3-BF4B-00C04F79EFBC}") = "LeadPipe.Net.CommonObjects.Tests", "src\LeadPipe.Net.CommonObjects.Tests\LeadPipe.Net.CommonObjects.Tests.csproj", "{75199CFA-9E01-4BA5-B364-B415F547F31C}"
EndProject
Global
	GlobalSection(SolutionConfigurationPlatforms) = preSolution
		Debug|Any CPU = Debug|Any CPU
		Release|Any CPU = Release|Any CPU
	EndGlobalSection
	GlobalSection(ProjectConfigurationPlatforms) = postSolution
		{07EAABC8-D86D-4B6B-B153-77EE0E5526A5}.Debug|Any CPU.ActiveCfg = Debug|Any CPU
		{07EAABC8-D86D-4B6B-B153-77EE0E5526A5}.Debug|Any CPU.Build.0 = Debug|Any CPU
		{07EAABC8-D86D-4B6B-B153-77EE0E5526A5}.Release|Any CPU.ActiveCfg = Release|Any CPU
		{07EAABC8-D86D-4B6B-B153-77EE0E5526A5}.Release|Any CPU.Build.0 = Release|Any CPU
		{10FEB13F-2FDC-472F-BE87-EDEA8C4595EB}.Debug|Any CPU.ActiveCfg = Debug|Any CPU
		{10FEB13F-2FDC-472F-BE87-EDEA8C4595EB}.Debug|Any CPU.Build.0 = Debug|Any CPU
		{10FEB13F-2FDC-472F-BE87-EDEA8C4595EB}.Release|Any CPU.ActiveCfg = Release|Any CPU
		{10FEB13F-2FDC-472F-BE87-EDEA8C4595EB}.Release|Any CPU.Build.0 = Release|Any CPU
		{FD1810FF-7864-43B0-B8CA-BD3AD5C2E683}.Debug|Any CPU.ActiveCfg = Debug|Any CPU
		{FD1810FF-7864-43B0-B8CA-BD3AD5C2E683}.Debug|Any CPU.Build.0 = Debug|Any CPU
		{FD1810FF-7864-43B0-B8CA-BD3AD5C2E683}.Release|Any CPU.ActiveCfg = Release|Any CPU
		{FD1810FF-7864-43B0-B8CA-BD3AD5C2E683}.Release|Any CPU.Build.0 = Release|Any CPU
		{76344047-8D99-457E-AB52-D959377E2740}.Debug|Any CPU.ActiveCfg = Debug|Any CPU
		{76344047-8D99-457E-AB52-D959377E2740}.Debug|Any CPU.Build.0 = Debug|Any CPU
		{76344047-8D99-457E-AB52-D959377E2740}.Release|Any CPU.ActiveCfg = Release|Any CPU
		{76344047-8D99-457E-AB52-D959377E2740}.Release|Any CPU.Build.0 = Release|Any CPU
		{6AF62025-B963-4941-B6B5-B2455FD6E226}.Debug|Any CPU.ActiveCfg = Debug|Any CPU
		{6AF62025-B963-4941-B6B5-B2455FD6E226}.Debug|Any CPU.Build.0 = Debug|Any CPU
		{6AF62025-B963-4941-B6B5-B2455FD6E226}.Release|Any CPU.ActiveCfg = Release|Any CPU
		{6AF62025-B963-4941-B6B5-B2455FD6E226}.Release|Any CPU.Build.0 = Release|Any CPU
		{9D93457C-437B-4E3F-95D3-E3E488AB55E0}.Debug|Any CPU.ActiveCfg = Debug|Any CPU
		{9D93457C-437B-4E3F-95D3-E3E488AB55E0}.Debug|Any CPU.Build.0 = Debug|Any CPU
		{9D93457C-437B-4E3F-95D3-E3E488AB55E0}.Release|Any CPU.ActiveCfg = Release|Any CPU
		{9D93457C-437B-4E3F-95D3-E3E488AB55E0}.Release|Any CPU.Build.0 = Release|Any CPU
		{0969E1DA-0995-4C8B-B081-094D8591E971}.Debug|Any CPU.ActiveCfg = Debug|Any CPU
		{0969E1DA-0995-4C8B-B081-094D8591E971}.Debug|Any CPU.Build.0 = Debug|Any CPU
		{0969E1DA-0995-4C8B-B081-094D8591E971}.Release|Any CPU.ActiveCfg = Release|Any CPU
		{0969E1DA-0995-4C8B-B081-094D8591E971}.Release|Any CPU.Build.0 = Release|Any CPU
		{1F0561F2-4D1E-4DCC-BD02-5C39CC06E6DA}.Debug|Any CPU.ActiveCfg = Debug|Any CPU
		{1F0561F2-4D1E-4DCC-BD02-5C39CC06E6DA}.Debug|Any CPU.Build.0 = Debug|Any CPU
		{1F0561F2-4D1E-4DCC-BD02-5C39CC06E6DA}.Release|Any CPU.ActiveCfg = Release|Any CPU
		{1F0561F2-4D1E-4DCC-BD02-5C39CC06E6DA}.Release|Any CPU.Build.0 = Release|Any CPU
		{2AC2DC2B-DDA1-42D7-9C1D-2BBCDE797004}.Debug|Any CPU.ActiveCfg = Debug|Any CPU
		{2AC2DC2B-DDA1-42D7-9C1D-2BBCDE797004}.Debug|Any CPU.Build.0 = Debug|Any CPU
		{2AC2DC2B-DDA1-42D7-9C1D-2BBCDE797004}.Release|Any CPU.ActiveCfg = Release|Any CPU
		{2AC2DC2B-DDA1-42D7-9C1D-2BBCDE797004}.Release|Any CPU.Build.0 = Release|Any CPU
		{1F0521F3-441E-1DCC-BDF2-000000000000}.Debug|Any CPU.ActiveCfg = Debug|Any CPU
		{1F0521F3-441E-1DCC-BDF2-000000000000}.Debug|Any CPU.Build.0 = Debug|Any CPU
		{1F0521F3-441E-1DCC-BDF2-000000000000}.Release|Any CPU.ActiveCfg = Release|Any CPU
		{1F0521F3-441E-1DCC-BDF2-000000000000}.Release|Any CPU.Build.0 = Release|Any CPU
		{A0FEAE9B-F1EA-43E3-BB14-ED131E2DF322}.Debug|Any CPU.ActiveCfg = Debug|Any CPU
		{A0FEAE9B-F1EA-43E3-BB14-ED131E2DF322}.Debug|Any CPU.Build.0 = Debug|Any CPU
		{A0FEAE9B-F1EA-43E3-BB14-ED131E2DF322}.Release|Any CPU.ActiveCfg = Release|Any CPU
		{A0FEAE9B-F1EA-43E3-BB14-ED131E2DF322}.Release|Any CPU.Build.0 = Release|Any CPU
		{10FEB13F-2FDC-472F-BE87-ED0000000000}.Debug|Any CPU.ActiveCfg = Debug|Any CPU
		{10FEB13F-2FDC-472F-BE87-ED0000000000}.Debug|Any CPU.Build.0 = Debug|Any CPU
		{10FEB13F-2FDC-472F-BE87-ED0000000000}.Release|Any CPU.ActiveCfg = Release|Any CPU
		{10FEB13F-2FDC-472F-BE87-ED0000000000}.Release|Any CPU.Build.0 = Release|Any CPU
		{FDE17273-5779-48C4-955B-9F06FC1EE0B6}.Debug|Any CPU.ActiveCfg = Debug|Any CPU
		{FDE17273-5779-48C4-955B-9F06FC1EE0B6}.Debug|Any CPU.Build.0 = Debug|Any CPU
		{FDE17273-5779-48C4-955B-9F06FC1EE0B6}.Release|Any CPU.ActiveCfg = Release|Any CPU
		{FDE17273-5779-48C4-955B-9F06FC1EE0B6}.Release|Any CPU.Build.0 = Release|Any CPU
		{9D93457C-437B-4E3F-95D3-E3E5789B55E0}.Debug|Any CPU.ActiveCfg = Debug|Any CPU
		{9D93457C-437B-4E3F-95D3-E3E5789B55E0}.Debug|Any CPU.Build.0 = Debug|Any CPU
		{9D93457C-437B-4E3F-95D3-E3E5789B55E0}.Release|Any CPU.ActiveCfg = Release|Any CPU
		{9D93457C-437B-4E3F-95D3-E3E5789B55E0}.Release|Any CPU.Build.0 = Release|Any CPU
		{9D93457C-437B-4E3F-95D3-E3E5756785E0}.Debug|Any CPU.ActiveCfg = Debug|Any CPU
		{9D93457C-437B-4E3F-95D3-E3E5756785E0}.Debug|Any CPU.Build.0 = Debug|Any CPU
		{9D93457C-437B-4E3F-95D3-E3E5756785E0}.Release|Any CPU.ActiveCfg = Release|Any CPU
		{9D93457C-437B-4E3F-95D3-E3E5756785E0}.Release|Any CPU.Build.0 = Release|Any CPU
		{9D93457C-437B-4E3F-95D3-E30000000000}.Debug|Any CPU.ActiveCfg = Debug|Any CPU
		{9D93457C-437B-4E3F-95D3-E30000000000}.Debug|Any CPU.Build.0 = Debug|Any CPU
		{9D93457C-437B-4E3F-95D3-E30000000000}.Release|Any CPU.ActiveCfg = Release|Any CPU
		{9D93457C-437B-4E3F-95D3-E30000000000}.Release|Any CPU.Build.0 = Release|Any CPU
		{07EAABC8-D86D-4B6B-B123-77EFFF5526A5}.Debug|Any CPU.ActiveCfg = Debug|Any CPU
		{07EAABC8-D86D-4B6B-B123-77EFFF5526A5}.Debug|Any CPU.Build.0 = Debug|Any CPU
		{07EAABC8-D86D-4B6B-B123-77EFFF5526A5}.Release|Any CPU.ActiveCfg = Release|Any CPU
		{07EAABC8-D86D-4B6B-B123-77EFFF5526A5}.Release|Any CPU.Build.0 = Release|Any CPU
		{75199CFA-9E01-4BA5-B364-B415F547F31C}.Debug|Any CPU.ActiveCfg = Debug|Any CPU
		{75199CFA-9E01-4BA5-B364-B415F547F31C}.Debug|Any CPU.Build.0 = Debug|Any CPU
		{75199CFA-9E01-4BA5-B364-B415F547F31C}.Release|Any CPU.ActiveCfg = Release|Any CPU
		{75199CFA-9E01-4BA5-B364-B415F547F31C}.Release|Any CPU.Build.0 = Release|Any CPU
	EndGlobalSection
	GlobalSection(SolutionProperties) = preSolution
		HideSolutionNode = FALSE
	EndGlobalSection
EndGlobal
